
Microsoft Visual Studio Solution File, Format Version 12.00
# Visual Studio Version 17
VisualStudioVersion = 17.10.34916.146
MinimumVisualStudioVersion = 10.0.40219.1
Project("{9A19103F-16F7-4668-BE54-9A1E7A4F7556}") = "DataTier", "DataTier\DataTier.csproj", "{C22D91F3-C66A-499B-BF5B-B0E8FF0A571C}"
EndProject
Project("{FAE04EC0-301F-11D3-BF4B-00C04F79EFBC}") = "App_interface", "App_interface\App_interface.csproj", "{50B59073-EB47-4381-A178-001F2E1498D8}"
EndProject
Global
	GlobalSection(SolutionConfigurationPlatforms) = preSolution
		Debug|Any CPU = Debug|Any CPU
		Release|Any CPU = Release|Any CPU
	EndGlobalSection
	GlobalSection(ProjectConfigurationPlatforms) = postSolution
		{C22D91F3-C66A-499B-BF5B-B0E8FF0A571C}.Debug|Any CPU.ActiveCfg = Debug|Any CPU
		{C22D91F3-C66A-499B-BF5B-B0E8FF0A571C}.Debug|Any CPU.Build.0 = Debug|Any CPU
		{C22D91F3-C66A-499B-BF5B-B0E8FF0A571C}.Release|Any CPU.ActiveCfg = Release|Any CPU
		{C22D91F3-C66A-499B-BF5B-B0E8FF0A571C}.Release|Any CPU.Build.0 = Release|Any CPU
		{50B59073-EB47-4381-A178-001F2E1498D8}.Debug|Any CPU.ActiveCfg = Debug|Any CPU
		{50B59073-EB47-4381-A178-001F2E1498D8}.Debug|Any CPU.Build.0 = Debug|Any CPU
		{50B59073-EB47-4381-A178-001F2E1498D8}.Release|Any CPU.ActiveCfg = Release|Any CPU
		{50B59073-EB47-4381-A178-001F2E1498D8}.Release|Any CPU.Build.0 = Release|Any CPU
	EndGlobalSection
	GlobalSection(SolutionProperties) = preSolution
		HideSolutionNode = FALSE
	EndGlobalSection
	GlobalSection(ExtensibilityGlobals) = postSolution
		SolutionGuid = {90ED8EC8-076A-4023-A94F-3C00953A7C6D}
	EndGlobalSection
EndGlobal
